
Microsoft Visual Studio Solution File, Format Version 12.00
# Visual Studio Version 17
VisualStudioVersion = 17.14.36301.6 d17.14
MinimumVisualStudioVersion = 10.0.40219.1
Project("{FAE04EC0-301F-11D3-BF4B-00C04F79EFBC}") = "HelloWorldApp", "HelloWorldApp.csproj", "{CD27501A-26F0-4370-A251-1AA964F31BBD}"
EndProject
Global
	GlobalSection(SolutionConfigurationPlatforms) = preSolution
		Debug|Any CPU = Debug|Any CPU
		Release|Any CPU = Release|Any CPU
	EndGlobalSection
	GlobalSection(ProjectConfigurationPlatforms) = postSolution
		{CD27501A-26F0-4370-A251-1AA964F31BBD}.Debug|Any CPU.ActiveCfg = Debug|Any CPU
		{CD27501A-26F0-4370-A251-1AA964F31BBD}.Debug|Any CPU.Build.0 = Debug|Any CPU
		{CD27501A-26F0-4370-A251-1AA964F31BBD}.Release|Any CPU.ActiveCfg = Release|Any CPU
		{CD27501A-26F0-4370-A251-1AA964F31BBD}.Release|Any CPU.Build.0 = Release|Any CPU
	EndGlobalSection
	GlobalSection(SolutionProperties) = preSolution
		HideSolutionNode = FALSE
	EndGlobalSection
	GlobalSection(ExtensibilityGlobals) = postSolution
		SolutionGuid = {09FF62DB-6BDE-4420-A6EE-A1778013B7BF}
	EndGlobalSection
EndGlobal
